
Microsoft Visual Studio Solution File, Format Version 12.00
# Visual Studio Version 16
VisualStudioVersion = 16.0.31205.134
MinimumVisualStudioVersion = 10.0.40219.1
Project("{FAE04EC0-301F-11D3-BF4B-00C04F79EFBC}") = "Blazor.Polyfill", "Blazor.Polyfill.csproj", "{4699E70F-58BE-4368-84BD-7FA9FDDE605D}"
EndProject
Project("{FAE04EC0-301F-11D3-BF4B-00C04F79EFBC}") = "Blazor.Polyfill.Tests", "..\Blazor.Polyfill.Tests\Blazor.Polyfill.Tests.csproj", "{6F45B9ED-B328-467D-9353-08C188481EC2}"
EndProject
Global
	GlobalSection(SolutionConfigurationPlatforms) = preSolution
		Debug|Any CPU = Debug|Any CPU
		Release|Any CPU = Release|Any CPU
	EndGlobalSection
	GlobalSection(ProjectConfigurationPlatforms) = postSolution
		{4699E70F-58BE-4368-84BD-7FA9FDDE605D}.Debug|Any CPU.ActiveCfg = Debug|Any CPU
		{4699E70F-58BE-4368-84BD-7FA9FDDE605D}.Debug|Any CPU.Build.0 = Debug|Any CPU
		{4699E70F-58BE-4368-84BD-7FA9FDDE605D}.Release|Any CPU.ActiveCfg = Release|Any CPU
		{4699E70F-58BE-4368-84BD-7FA9FDDE605D}.Release|Any CPU.Build.0 = Release|Any CPU
		{6F45B9ED-B328-467D-9353-08C188481EC2}.Debug|Any CPU.ActiveCfg = Debug|Any CPU
		{6F45B9ED-B328-467D-9353-08C188481EC2}.Debug|Any CPU.Build.0 = Debug|Any CPU
		{6F45B9ED-B328-467D-9353-08C188481EC2}.Release|Any CPU.ActiveCfg = Release|Any CPU
		{6F45B9ED-B328-467D-9353-08C188481EC2}.Release|Any CPU.Build.0 = Release|Any CPU
	EndGlobalSection
	GlobalSection(SolutionProperties) = preSolution
		HideSolutionNode = FALSE
	EndGlobalSection
	GlobalSection(ExtensibilityGlobals) = postSolution
		SolutionGuid = {3425BE26-1C0A-447F-BB88-CAE7BBD5956A}
	EndGlobalSection
EndGlobal
